
Microsoft Visual Studio Solution File, Format Version 12.00
# Visual Studio 15
VisualStudioVersion = 15.0.28307.102
MinimumVisualStudioVersion = 10.0.40219.1
Project("{FAE04EC0-301F-11D3-BF4B-00C04F79EFBC}") = "CinemaTerminal", "CinemaTerminal\CinemaTerminal.csproj", "{9FCF26C7-4AB1-40B7-A4CD-ED86B1EE2069}"
EndProject
Global
	GlobalSection(SolutionConfigurationPlatforms) = preSolution
		Debug|Any CPU = Debug|Any CPU
		Release|Any CPU = Release|Any CPU
	EndGlobalSection
	GlobalSection(ProjectConfigurationPlatforms) = postSolution
		{9FCF26C7-4AB1-40B7-A4CD-ED86B1EE2069}.Debug|Any CPU.ActiveCfg = Debug|Any CPU
		{9FCF26C7-4AB1-40B7-A4CD-ED86B1EE2069}.Debug|Any CPU.Build.0 = Debug|Any CPU
		{9FCF26C7-4AB1-40B7-A4CD-ED86B1EE2069}.Release|Any CPU.ActiveCfg = Release|Any CPU
		{9FCF26C7-4AB1-40B7-A4CD-ED86B1EE2069}.Release|Any CPU.Build.0 = Release|Any CPU
	EndGlobalSection
	GlobalSection(SolutionProperties) = preSolution
		HideSolutionNode = FALSE
	EndGlobalSection
	GlobalSection(ExtensibilityGlobals) = postSolution
		SolutionGuid = {A2AE7FE5-230D-497E-A1AA-5B46638FC1B8}
	EndGlobalSection
EndGlobal
